
Microsoft Visual Studio Solution File, Format Version 12.00
# Visual Studio Version 16
VisualStudioVersion = 16.0.29806.167
MinimumVisualStudioVersion = 10.0.40219.1
Project("{F184B08F-C81C-45F6-A57F-5ABD9991F28F}") = "FileMonitor", "FileMonitor\FileMonitor.vbproj", "{20B3AA84-9CA7-43E5-B0CD-8DBA5091DF92}"
EndProject
Project("{F184B08F-C81C-45F6-A57F-5ABD9991F28F}") = "FileMonitorHook", "FileMonitorHook\FileMonitorHook.vbproj", "{73B2C22B-C020-45B7-BF61-B48F49A2693F}"
EndProject
Global
	GlobalSection(SolutionConfigurationPlatforms) = preSolution
		Debug|Any CPU = Debug|Any CPU
		Debug|x64 = Debug|x64
		Debug|x86 = Debug|x86
		Release|Any CPU = Release|Any CPU
		Release|x64 = Release|x64
		Release|x86 = Release|x86
	EndGlobalSection
	GlobalSection(ProjectConfigurationPlatforms) = postSolution
		{20B3AA84-9CA7-43E5-B0CD-8DBA5091DF92}.Debug|Any CPU.ActiveCfg = Debug|Any CPU
		{20B3AA84-9CA7-43E5-B0CD-8DBA5091DF92}.Debug|Any CPU.Build.0 = Debug|Any CPU
		{20B3AA84-9CA7-43E5-B0CD-8DBA5091DF92}.Debug|x64.ActiveCfg = Debug|x64
		{20B3AA84-9CA7-43E5-B0CD-8DBA5091DF92}.Debug|x64.Build.0 = Debug|x64
		{20B3AA84-9CA7-43E5-B0CD-8DBA5091DF92}.Debug|x86.ActiveCfg = Debug|x86
		{20B3AA84-9CA7-43E5-B0CD-8DBA5091DF92}.Debug|x86.Build.0 = Debug|x86
		{20B3AA84-9CA7-43E5-B0CD-8DBA5091DF92}.Release|Any CPU.ActiveCfg = Release|Any CPU
		{20B3AA84-9CA7-43E5-B0CD-8DBA5091DF92}.Release|Any CPU.Build.0 = Release|Any CPU
		{20B3AA84-9CA7-43E5-B0CD-8DBA5091DF92}.Release|x64.ActiveCfg = Release|x64
		{20B3AA84-9CA7-43E5-B0CD-8DBA5091DF92}.Release|x64.Build.0 = Release|x64
		{20B3AA84-9CA7-43E5-B0CD-8DBA5091DF92}.Release|x86.ActiveCfg = Release|x86
		{20B3AA84-9CA7-43E5-B0CD-8DBA5091DF92}.Release|x86.Build.0 = Release|x86
		{73B2C22B-C020-45B7-BF61-B48F49A2693F}.Debug|Any CPU.ActiveCfg = Debug|Any CPU
		{73B2C22B-C020-45B7-BF61-B48F49A2693F}.Debug|Any CPU.Build.0 = Debug|Any CPU
		{73B2C22B-C020-45B7-BF61-B48F49A2693F}.Debug|x64.ActiveCfg = Debug|x64
		{73B2C22B-C020-45B7-BF61-B48F49A2693F}.Debug|x64.Build.0 = Debug|x64
		{73B2C22B-C020-45B7-BF61-B48F49A2693F}.Debug|x86.ActiveCfg = Debug|x86
		{73B2C22B-C020-45B7-BF61-B48F49A2693F}.Debug|x86.Build.0 = Debug|x86
		{73B2C22B-C020-45B7-BF61-B48F49A2693F}.Release|Any CPU.ActiveCfg = Release|Any CPU
		{73B2C22B-C020-45B7-BF61-B48F49A2693F}.Release|Any CPU.Build.0 = Release|Any CPU
		{73B2C22B-C020-45B7-BF61-B48F49A2693F}.Release|x64.ActiveCfg = Release|x64
		{73B2C22B-C020-45B7-BF61-B48F49A2693F}.Release|x64.Build.0 = Release|x64
		{73B2C22B-C020-45B7-BF61-B48F49A2693F}.Release|x86.ActiveCfg = Release|x86
		{73B2C22B-C020-45B7-BF61-B48F49A2693F}.Release|x86.Build.0 = Release|x86
	EndGlobalSection
	GlobalSection(SolutionProperties) = preSolution
		HideSolutionNode = FALSE
	EndGlobalSection
	GlobalSection(ExtensibilityGlobals) = postSolution
		SolutionGuid = {175B8BBC-1893-4F84-897A-5AF49F15ECC9}
	EndGlobalSection
EndGlobal
